github.com/IamNanjo/go-logging v0.3.0 h1:Zj56bbzM3U/0QHr/y4jdOadDEIuy+X246R52csy1OgY=
github.com/IamNanjo/go-logging v0.3.0/go.mod h1:h0LJh9wQ+5p9f0SheHMX92uajk5CIi47UZFBw8n02mk=
golang.org/x/sys v0.43.0 h1:Rlag2XtaFTxp19wS8MXlJwTvoh8ArU6ezoyFsMyCTNI=
golang.org/x/sys v0.43.0/go.mod h1:4GL1E5IUh+htKOUEOaiffhrAeqysfVGipDYzABqnCmw=
